{
  "version": 4,
  "terraform_version": "0.12.13",
  "serial": 5,
  "lineage": "c31d3d63-ef50-6f0c-935d-05fa1baae961",
  "outputs": {},
  "resources": [
    {
      "mode": "managed",
      "type": "aws_vpc",
      "name": "vpctf",
      "provider": "provider.aws",
      "instances": [
        {
          "schema_version": 1,
          "attributes": {
            "arn": "arn:aws:ec2:us-west-2:499191346827:vpc/vpc-0842ffcd5aa84fbc4",
            "assign_generated_ipv6_cidr_block": false,
            "cidr_block": "10.0.0.0/16",
            "default_network_acl_id": "acl-0c34ae39bfa39e844",
            "default_route_table_id": "rtb-03aa804edec5f0671",
            "default_security_group_id": "sg-01e676ece409ea437",
            "dhcp_options_id": "dopt-6757c91f",
            "enable_classiclink": false,
            "enable_classiclink_dns_support": false,
            "enable_dns_hostnames": true,
            "enable_dns_support": true,
            "id": "vpc-0842ffcd5aa84fbc4",
            "instance_tenancy": "default",
            "ipv6_association_id": "",
            "ipv6_cidr_block": "",
            "main_route_table_id": "rtb-03aa804edec5f0671",
            "owner_id": "499191346827",
            "tags": {
              "Name": "main"
            }
          },
          "private": "eyJzY2hlbWFfdmVyc2lvbiI6IjEifQ=="
        }
      ]
    }
  ]
}
